
Microsoft Visual Studio Solution File, Format Version 12.00
# Visual Studio Version 17
VisualStudioVersion = 17.11.35303.130
MinimumVisualStudioVersion = 10.0.40219.1
Project("{9A19103F-16F7-4668-BE54-9A1E7A4F7556}") = "Projektas", "Projektas\Projektas.csproj", "{8CE8A398-5B4B-4B17-9DD7-00A76E8B66C0}"
EndProject
Global
	GlobalSection(SolutionConfigurationPlatforms) = preSolution
		Debug|Any CPU = Debug|Any CPU
		Release|Any CPU = Release|Any CPU
	EndGlobalSection
	GlobalSection(ProjectConfigurationPlatforms) = postSolution
		{8CE8A398-5B4B-4B17-9DD7-00A76E8B66C0}.Debug|Any CPU.ActiveCfg = Debug|Any CPU
		{8CE8A398-5B4B-4B17-9DD7-00A76E8B66C0}.Debug|Any CPU.Build.0 = Debug|Any CPU
		{8CE8A398-5B4B-4B17-9DD7-00A76E8B66C0}.Release|Any CPU.ActiveCfg = Release|Any CPU
		{8CE8A398-5B4B-4B17-9DD7-00A76E8B66C0}.Release|Any CPU.Build.0 = Release|Any CPU
	EndGlobalSection
	GlobalSection(SolutionProperties) = preSolution
		HideSolutionNode = FALSE
	EndGlobalSection
	GlobalSection(ExtensibilityGlobals) = postSolution
		SolutionGuid = {952FB956-50E3-471F-96B7-0E7F528F37AC}
	EndGlobalSection
EndGlobal
